
Microsoft Visual Studio Solution File, Format Version 11.00
# Visual Studio 2010
Project("{8BC9CEB8-8B4A-11D0-8D11-00A0C91BC942}") = "MessageEntitiesFramework", "MessageEntitiesFramework\MessageEntitiesFramework.vcxproj", "{6E4D8768-DDB7-4AA2-87E6-71E7C72EAA39}"
EndProject
Global
	GlobalSection(SolutionConfigurationPlatforms) = preSolution
		Debug|Win32 = Debug|Win32
		Release|Win32 = Release|Win32
	EndGlobalSection
	GlobalSection(ProjectConfigurationPlatforms) = postSolution
		{6E4D8768-DDB7-4AA2-87E6-71E7C72EAA39}.Debug|Win32.ActiveCfg = Debug|Win32
		{6E4D8768-DDB7-4AA2-87E6-71E7C72EAA39}.Debug|Win32.Build.0 = Debug|Win32
		{6E4D8768-DDB7-4AA2-87E6-71E7C72EAA39}.Release|Win32.ActiveCfg = Release|Win32
		{6E4D8768-DDB7-4AA2-87E6-71E7C72EAA39}.Release|Win32.Build.0 = Release|Win32
	EndGlobalSection
	GlobalSection(SolutionProperties) = preSolution
		HideSolutionNode = FALSE
	EndGlobalSection
EndGlobal
